
Microsoft Visual Studio Solution File, Format Version 12.00
# Visual Studio 15
VisualStudioVersion = 15.0.28307.168
MinimumVisualStudioVersion = 10.0.40219.1
Project("{FAE04EC0-301F-11D3-BF4B-00C04F79EFBC}") = "Task 4", "Task 4\Task 4.csproj", "{42B90D0D-71B5-49F3-BEBE-DA67AC7B5F93}"
EndProject
Global
	GlobalSection(SolutionConfigurationPlatforms) = preSolution
		Debug|Any CPU = Debug|Any CPU
		Release|Any CPU = Release|Any CPU
	EndGlobalSection
	GlobalSection(ProjectConfigurationPlatforms) = postSolution
		{42B90D0D-71B5-49F3-BEBE-DA67AC7B5F93}.Debug|Any CPU.ActiveCfg = Debug|Any CPU
		{42B90D0D-71B5-49F3-BEBE-DA67AC7B5F93}.Debug|Any CPU.Build.0 = Debug|Any CPU
		{42B90D0D-71B5-49F3-BEBE-DA67AC7B5F93}.Release|Any CPU.ActiveCfg = Release|Any CPU
		{42B90D0D-71B5-49F3-BEBE-DA67AC7B5F93}.Release|Any CPU.Build.0 = Release|Any CPU
	EndGlobalSection
	GlobalSection(SolutionProperties) = preSolution
		HideSolutionNode = FALSE
	EndGlobalSection
	GlobalSection(ExtensibilityGlobals) = postSolution
		SolutionGuid = {FB822D24-61C1-4898-83D6-027E7F519F48}
	EndGlobalSection
EndGlobal
