
Microsoft Visual Studio Solution File, Format Version 12.00
# Visual Studio 15
VisualStudioVersion = 15.0.28307.168
MinimumVisualStudioVersion = 10.0.40219.1
Project("{FAE04EC0-301F-11D3-BF4B-00C04F79EFBC}") = "Task 1", "Task 1\Task 1.csproj", "{564E086F-7CA8-4390-9B1C-9D2D858B3A10}"
EndProject
Global
	GlobalSection(SolutionConfigurationPlatforms) = preSolution
		Debug|Any CPU = Debug|Any CPU
		Release|Any CPU = Release|Any CPU
	EndGlobalSection
	GlobalSection(ProjectConfigurationPlatforms) = postSolution
		{564E086F-7CA8-4390-9B1C-9D2D858B3A10}.Debug|Any CPU.ActiveCfg = Debug|Any CPU
		{564E086F-7CA8-4390-9B1C-9D2D858B3A10}.Debug|Any CPU.Build.0 = Debug|Any CPU
		{564E086F-7CA8-4390-9B1C-9D2D858B3A10}.Release|Any CPU.ActiveCfg = Release|Any CPU
		{564E086F-7CA8-4390-9B1C-9D2D858B3A10}.Release|Any CPU.Build.0 = Release|Any CPU
	EndGlobalSection
	GlobalSection(SolutionProperties) = preSolution
		HideSolutionNode = FALSE
	EndGlobalSection
	GlobalSection(ExtensibilityGlobals) = postSolution
		SolutionGuid = {26377599-5B7B-4327-871E-8B994A3E9EBE}
	EndGlobalSection
EndGlobal
